// !$*UTF8*$!
{
	archiveVersion = 1;
	classes = {
	};
	objectVersion = 50;
	objects = {

/* Begin PBXBuildFile section */
		93A76C79249413FE006BA5AF /* AppDelegate.swift in Sources */ = {isa = PBXBuildFile; fileRef = 93A76C78249413FE006BA5AF /* AppDelegate.swift */; };
		93A76C7B249413FE006BA5AF /* SceneDelegate.swift in Sources */ = {isa = PBXBuildFile; fileRef = 93A76C7A249413FE006BA5AF /* SceneDelegate.swift */; };
		93A76C7D249413FE006BA5AF /* ViewController.swift in Sources */ = {isa = PBXBuildFile; fileRef = 93A76C7C249413FE006BA5AF /* ViewController.swift */; };
		93A76C80249413FE006BA5AF /* Main.storyboard in Resources */ = {isa = PBXBuildFile; fileRef = 93A76C7E249413FE006BA5AF /* Main.storyboard */; };
		93A76C83249413FE006BA5AF /* JsonAPI.xcdatamodeld in Sources */ = {isa = PBXBuildFile; fileRef = 93A76C81249413FE006BA5AF /* JsonAPI.xcdatamodeld */; };
		93A76C85249413FE006BA5AF /* Assets.xcassets in Resources */ = {isa = PBXBuildFile; fileRef = 93A76C84249413FE006BA5AF /* Assets.xcassets */; };
		93A76C88249413FE006BA5AF /* LaunchScreen.storyboard in Resources */ = {isa = PBXBuildFile; fileRef = 93A76C86249413FE006BA5AF /* LaunchScreen.storyboard */; };
/* End PBXBuildFile section */

/* Begin PBXFileReference section */
		93A76C75249413FE006BA5AF /* JsonAPI.app */ = {isa = PBXFileReference; explicitFileType = wrapper.application; includeInIndex = 0; path = JsonAPI.app; sourceTree = BUILT_PRODUCTS_DIR; };
		93A76C78249413FE006BA5AF /* AppDelegate.swift */ = {isa = PBXFileReference; lastKnownFileType = sourcecode.swift; path = AppDelegate.swift; sourceTree = "<group>"; };
		93A76C7A249413FE006BA5AF /* SceneDelegate.swift */ = {isa = PBXFileReference; lastKnownFileType = sourcecode.swift; path = SceneDelegate.swift; sourceTree = "<group>"; };
		93A76C7C249413FE006BA5AF /* ViewController.swift */ = {isa = PBXFileReference; lastKnownFileType = sourcecode.swift; path = ViewController.swift; sourceTree = "<group>"; };
		93A76C7F249413FE006BA5AF /* Base */ = {isa = PBXFileReference; lastKnownFileType = file.storyboard; name = Base; path = Base.lproj/Main.storyboard; sourceTree = "<group>"; };
		93A76C82249413FE006BA5AF /* JsonAPI.xcdatamodel */ = {isa = PBXFileReference; lastKnownFileType = wrapper.xcdatamodel; path = JsonAPI.xcdatamodel; sourceTree = "<group>"; };
		93A76C84249413FE006BA5AF /* Assets.xcassets */ = {isa = PBXFileReference; lastKnownFileType = folder.assetcatalog; path = Assets.xcassets; sourceTree = "<group>"; };
		93A76C87249413FE006BA5AF /* Base */ = {isa = PBXFileReference; lastKnownFileType = file.storyboard; name = Base; path = Base.lproj/LaunchScreen.storyboard; sourceTree = "<group>"; };
		93A76C89249413FE006BA5AF /* Info.plist */ = {isa = PBXFileReference; lastKnownFileType = text.plist.xml; path = Info.plist; sourceTree = "<group>"; };
/* End PBXFileReference section */

/* Begin PBXFrameworksBuildPhase section */
		93A76C72249413FE006BA5AF /* Frameworks */ = {
			isa = PBXFrameworksBuildPhase;
			buildActionMask = 2147483647;
			files = (
			);
			runOnlyForDeploymentPostprocessing = 0;
		};
/* End PBXFrameworksBuildPhase section */

/* Begin PBXGroup section */
		93A76C6C249413FE006BA5AF = {
			isa = PBXGroup;
			children = (
				93A76C77249413FE006BA5AF /* JsonAPI */,
				93A76C76249413FE006BA5AF /* Products */,
			);
			sourceTree = "<group>";
		};
		93A76C76249413FE006BA5AF /* Products */ = {
			isa = PBXGroup;
			children = (
				93A76C75249413FE006BA5AF /* JsonAPI.app */,
			);
			name = Products;
			sourceTree = "<group>";
		};
		93A76C77249413FE006BA5AF /* JsonAPI */ = {
			isa = PBXGroup;
			children = (
				93A76C78249413FE006BA5AF /* AppDelegate.swift */,
				93A76C7A249413FE006BA5AF /* SceneDelegate.swift */,
				93A76C7C249413FE006BA5AF /* ViewController.swift */,
				93A76C7E249413FE006BA5AF /* Main.storyboard */,
				93A76C84249413FE006BA5AF /* Assets.xcassets */,
				93A76C86249413FE006BA5AF /* LaunchScreen.storyboard */,
				93A76C89249413FE006BA5AF /* Info.plist */,
				93A76C81249413FE006BA5AF /* JsonAPI.xcdatamodeld */,
			);
			path = JsonAPI;
			sourceTree = "<group>";
		};
/* End PBXGroup section */

/* Begin PBXNativeTarget section */
		93A76C74249413FE006BA5AF /* JsonAPI */ = {
			isa = PBXNativeTarget;
			buildConfigurationList = 93A76C8C249413FE006BA5AF /* Build configuration list for PBXNativeTarget "JsonAPI" */;
			buildPhases = (
				93A76C71249413FE006BA5AF /* Sources */,
				93A76C72249413FE006BA5AF /* Frameworks */,
				93A76C73249413FE006BA5AF /* Resources */,
			);
			buildRules = (
			);
			dependencies = (
			);
			name = JsonAPI;
			productName = JsonAPI;
			productReference = 93A76C75249413FE006BA5AF /* JsonAPI.app */;
			productType = "com.apple.product-type.application";
		};
/* End PBXNativeTarget section */

/* Begin PBXProject section */
		93A76C6D249413FE006BA5AF /* Project object */ = {
			isa = PBXProject;
			attributes = {
				LastSwiftUpdateCheck = 1150;
				LastUpgradeCheck = 1150;
				ORGANIZATIONNAME = "Duc Dang";
				TargetAttributes = {
					93A76C74249413FE006BA5AF = {
						CreatedOnToolsVersion = 11.5;
					};
				};
			};
			buildConfigurationList = 93A76C70249413FE006BA5AF /* Build configuration list for PBXProject "JsonAPI" */;
			compatibilityVersion = "Xcode 9.3";
			developmentRegion = en;
			hasScannedForEncodings = 0;
			knownRegions = (
				en,
				Base,
			);
			mainGroup = 93A76C6C249413FE006BA5AF;
			productRefGroup = 93A76C76249413FE006BA5AF /* Products */;
			projectDirPath = "";
			projectRoot = "";
			targets = (
				93A76C74249413FE006BA5AF /* JsonAPI */,
			);
		};
/* End PBXProject section */

/* Begin PBXResourcesBuildPhase section */
		93A76C73249413FE006BA5AF /* Resources */ = {
			isa = PBXResourcesBuildPhase;
			buildActionMask = 2147483647;
			files = (
				93A76C88249413FE006BA5AF /* LaunchScreen.storyboard in Resources */,
				93A76C85249413FE006BA5AF /* Assets.xcassets in Resources */,
				93A76C80249413FE006BA5AF /* Main.storyboard in Resources */,
			);
			runOnlyForDeploymentPostprocessing = 0;
		};
/* End PBXResourcesBuildPhase section */

/* Begin PBXSourcesBuildPhase section */
		93A76C71249413FE006BA5AF /* Sources */ = {
			isa = PBXSourcesBuildPhase;
			buildActionMask = 2147483647;
			files = (
				93A76C83249413FE006BA5AF /* JsonAPI.xcdatamodeld in Sources */,
				93A76C7D249413FE006BA5AF /* ViewController.swift in Sources */,
				93A76C79249413FE006BA5AF /* AppDelegate.swift in Sources */,
				93A76C7B249413FE006BA5AF /* SceneDelegate.swift in Sources */,
			);
			runOnlyForDeploymentPostprocessing = 0;
		};
/* End PBXSourcesBuildPhase section */

/* Begin PBXVariantGroup section */
		93A76C7E249413FE006BA5AF /* Main.storyboard */ = {
			isa = PBXVariantGroup;
			children = (
				93A76C7F249413FE006BA5AF /* Base */,
			);
			name = Main.storyboard;
			sourceTree = "<group>";
		};
		93A76C86249413FE006BA5AF /* LaunchScreen.storyboard */ = {
			isa = PBXVariantGroup;
			children = (
				93A76C87249413FE006BA5AF /* Base */,
			);
			name = LaunchScreen.storyboard;
			sourceTree = "<group>";
		};
/* End PBXVariantGroup section */

/* Begin XCBuildConfiguration section */
		93A76C8A249413FE006BA5AF /* Debug */ = {
			isa = XCBuildConfiguration;
			buildSettings = {
				ALWAYS_SEARCH_USER_PATHS = NO;
				CLANG_ANALYZER_NONNULL = YES;
				CLANG_ANALYZER_NUMBER_OBJECT_CONVERSION = YES_AGGRESSIVE;
				CLANG_CXX_LANGUAGE_STANDARD = "gnu++14";
				CLANG_CXX_LIBRARY = "libc++";
				CLANG_ENABLE_MODULES = YES;
				CLANG_ENABLE_OBJC_ARC = YES;
				CLANG_ENABLE_OBJC_WEAK = YES;
				CLANG_WARN_BLOCK_CAPTURE_AUTORELEASING = YES;
				CLANG_WARN_BOOL_CONVERSION = YES;
				CLANG_WARN_COMMA = YES;
				CLANG_WARN_CONSTANT_CONVERSION = YES;
				CLANG_WARN_DEPRECATED_OBJC_IMPLEMENTATIONS = YES;
				CLANG_WARN_DIRECT_OBJC_ISA_USAGE = YES_ERROR;
				CLANG_WARN_DOCUMENTATION_COMMENTS = YES;
				CLANG_WARN_EMPTY_BODY = YES;
				CLANG_WARN_ENUM_CONVERSION = YES;
				CLANG_WARN_INFINITE_RECURSION = YES;
				CLANG_WARN_INT_CONVERSION = YES;
				CLANG_WARN_NON_LITERAL_NULL_CONVERSION = YES;
				CLANG_WARN_OBJC_IMPLICIT_RETAIN_SELF = YES;
				CLANG_WARN_OBJC_LITERAL_CONVERSION = YES;
				CLANG_WARN_OBJC_ROOT_CLASS = YES_ERROR;
				CLANG_WARN_RANGE_LOOP_ANALYSIS = YES;
				CLANG_WARN_STRICT_PROTOTYPES = YES;
				CLANG_WARN_SUSPICIOUS_MOVE = YES;
				CLANG_WARN_UNGUARDED_AVAILABILITY = YES_AGGRESSIVE;
				CLANG_WARN_UNREACHABLE_CODE = YES;
				CLANG_WARN__DUPLICATE_METHOD_MATCH = YES;
				COPY_PHASE_STRIP = NO;
				DEBUG_INFORMATION_FORMAT = dwarf;
				ENABLE_STRICT_OBJC_MSGSEND = YES;
				ENABLE_TESTABILITY = YES;
				GCC_C_LANGUAGE_STANDARD = gnu11;
				GCC_DYNAMIC_NO_PIC = NO;
				GCC_NO_COMMON_BLOCKS = YES;
				GCC_OPTIMIZATION_LEVEL = 0;
				GCC_PREPROCESSOR_DEFINITIONS = (
					"DEBUG=1",
					"$(inherited)",
				);
				GCC_WARN_64_TO_32_BIT_CONVERSION = YES;
				GCC_WARN_ABOUT_RETURN_TYPE = YES_ERROR;
				GCC_WARN_UNDECLARED_SELECTOR = YES;
				GCC_WARN_UNINITIALIZED_AUTOS = YES_AGGRESSIVE;
				GCC_WARN_UNUSED_FUNCTION = YES;
				GCC_WARN_UNUSED_VARIABLE = YES;
				IPHONEOS_DEPLOYMENT_TARGET = 13.5;
				MTL_ENABLE_DEBUG_INFO = INCLUDE_SOURCE;
				MTL_FAST_MATH = YES;
				ONLY_ACTIVE_ARCH = YES;
				SDKROOT = iphoneos;
				SWIFT_ACTIVE_COMPILATION_CONDITIONS = DEBUG;
				SWIFT_OPTIMIZATION_LEVEL = "-Onone";
			};
			name = Debug;
		};
		93A76C8B249413FE006BA5AF /* Release */ = {
			isa = XCBuildConfiguration;
			buildSettings = {
				ALWAYS_SEARCH_USER_PATHS = NO;
				CLANG_ANALYZER_NONNULL = YES;
				CLANG_ANALYZER_NUMBER_OBJECT_CONVERSION = YES_AGGRESSIVE;
				CLANG_CXX_LANGUAGE_STANDARD = "gnu++14";
				CLANG_CXX_LIBRARY = "libc++";
				CLANG_ENABLE_MODULES = YES;
				CLANG_ENABLE_OBJC_ARC = YES;
				CLANG_ENABLE_OBJC_WEAK = YES;
				CLANG_WARN_BLOCK_CAPTURE_AUTORELEASING = YES;
				CLANG_WARN_BOOL_CONVERSION = YES;
				CLANG_WARN_COMMA = YES;
				CLANG_WARN_CONSTANT_CONVERSION = YES;
				CLANG_WARN_DEPRECATED_OBJC_IMPLEMENTATIONS = YES;
				CLANG_WARN_DIRECT_OBJC_ISA_USAGE = YES_ERROR;
				CLANG_WARN_DOCUMENTATION_COMMENTS = YES;
				CLANG_WARN_EMPTY_BODY = YES;
				CLANG_WARN_ENUM_CONVERSION = YES;
				CLANG_WARN_INFINITE_RECURSION = YES;
				CLANG_WARN_INT_CONVERSION = YES;
				CLANG_WARN_NON_LITERAL_NULL_CONVERSION = YES;
				CLANG_WARN_OBJC_IMPLICIT_RETAIN_SELF = YES;
				CLANG_WARN_OBJC_LITERAL_CONVERSION = YES;
				CLANG_WARN_OBJC_ROOT_CLASS = YES_ERROR;
				CLANG_WARN_RANGE_LOOP_ANALYSIS = YES;
				CLANG_WARN_STRICT_PROTOTYPES = YES;
				CLANG_WARN_SUSPICIOUS_MOVE = YES;
				CLANG_WARN_UNGUARDED_AVAILABILITY = YES_AGGRESSIVE;
				CLANG_WARN_UNREACHABLE_CODE = YES;
				CLANG_WARN__DUPLICATE_METHOD_MATCH = YES;
				COPY_PHASE_STRIP = NO;
				DEBUG_INFORMATION_FORMAT = "dwarf-with-dsym";
				ENABLE_NS_ASSERTIONS = NO;
				ENABLE_STRICT_OBJC_MSGSEND = YES;
				GCC_C_LANGUAGE_STANDARD = gnu11;
				GCC_NO_COMMON_BLOCKS = YES;
				GCC_WARN_64_TO_32_BIT_CONVERSION = YES;
				GCC_WARN_ABOUT_RETURN_TYPE = YES_ERROR;
				GCC_WARN_UNDECLARED_SELECTOR = YES;
				GCC_WARN_UNINITIALIZED_AUTOS = YES_AGGRESSIVE;
				GCC_WARN_UNUSED_FUNCTION = YES;
				GCC_WARN_UNUSED_VARIABLE = YES;
				IPHONEOS_DEPLOYMENT_TARGET = 13.5;
				MTL_ENABLE_DEBUG_INFO = NO;
				MTL_FAST_MATH = YES;
				SDKROOT = iphoneos;
				SWIFT_COMPILATION_MODE = wholemodule;
				SWIFT_OPTIMIZATION_LEVEL = "-O";
				VALIDATE_PRODUCT = YES;
			};
			name = Release;
		};
		93A76C8D249413FE006BA5AF /* Debug */ = {
			isa = XCBuildConfiguration;
			buildSettings = {
				ASSETCATALOG_COMPILER_APPICON_NAME = AppIcon;
				CODE_SIGN_STYLE = Automatic;
				DEVELOPMENT_TEAM = DMUGLP379U;
				INFOPLIST_FILE = JsonAPI/Info.plist;
				LD_RUNPATH_SEARCH_PATHS = (
					"$(inherited)",
					"@executable_path/Frameworks",
				);
				PRODUCT_BUNDLE_IDENTIFIER = trungduc.JsonAPI;
				PRODUCT_NAME = "$(TARGET_NAME)";
				SWIFT_VERSION = 5.0;
				TARGETED_DEVICE_FAMILY = "1,2";
			};
			name = Debug;
		};
		93A76C8E249413FE006BA5AF /* Release */ = {
			isa = XCBuildConfiguration;
			buildSettings = {
				ASSETCATALOG_COMPILER_APPICON_NAME = AppIcon;
				CODE_SIGN_STYLE = Automatic;
				DEVELOPMENT_TEAM = DMUGLP379U;
				INFOPLIST_FILE = JsonAPI/Info.plist;
				LD_RUNPATH_SEARCH_PATHS = (
					"$(inherited)",
					"@executable_path/Frameworks",
				);
				PRODUCT_BUNDLE_IDENTIFIER = trungduc.JsonAPI;
				PRODUCT_NAME = "$(TARGET_NAME)";
				SWIFT_VERSION = 5.0;
				TARGETED_DEVICE_FAMILY = "1,2";
			};
			name = Release;
		};
/* End XCBuildConfiguration section */

/* Begin XCConfigurationList section */
		93A76C70249413FE006BA5AF /* Build configuration list for PBXProject "JsonAPI" */ = {
			isa = XCConfigurationList;
			buildConfigurations = (
				93A76C8A249413FE006BA5AF /* Debug */,
				93A76C8B249413FE006BA5AF /* Release */,
			);
			defaultConfigurationIsVisible = 0;
			defaultConfigurationName = Release;
		};
		93A76C8C249413FE006BA5AF /* Build configuration list for PBXNativeTarget "JsonAPI" */ = {
			isa = XCConfigurationList;
			buildConfigurations = (
				93A76C8D249413FE006BA5AF /* Debug */,
				93A76C8E249413FE006BA5AF /* Release */,
			);
			defaultConfigurationIsVisible = 0;
			defaultConfigurationName = Release;
		};
/* End XCConfigurationList section */

/* Begin XCVersionGroup section */
		93A76C81249413FE006BA5AF /* JsonAPI.xcdatamodeld */ = {
			isa = XCVersionGroup;
			children = (
				93A76C82249413FE006BA5AF /* JsonAPI.xcdatamodel */,
			);
			currentVersion = 93A76C82249413FE006BA5AF /* JsonAPI.xcdatamodel */;
			path = JsonAPI.xcdatamodeld;
			sourceTree = "<group>";
			versionGroupType = wrapper.xcdatamodel;
		};
/* End XCVersionGroup section */
	};
	rootObject = 93A76C6D249413FE006BA5AF /* Project object */;
}
